
Microsoft Visual Studio Solution File, Format Version 12.00
# Visual Studio Version 18
VisualStudioVersion = 18.5.11716.220 stable
MinimumVisualStudioVersion = 10.0.40219.1
Project("{FAE04EC0-301F-11D3-BF4B-00C04F79EFBC}") = "VNA_Data_Grabber", "VNA_Data_Grabber.csproj", "{1FA8DA56-33B2-8C4B-4CF7-C1D850A41CA8}"
EndProject
Global
	GlobalSection(SolutionConfigurationPlatforms) = preSolution
		Debug|Any CPU = Debug|Any CPU
		Release|Any CPU = Release|Any CPU
	EndGlobalSection
	GlobalSection(ProjectConfigurationPlatforms) = postSolution
		{1FA8DA56-33B2-8C4B-4CF7-C1D850A41CA8}.Debug|Any CPU.ActiveCfg = Debug|Any CPU
		{1FA8DA56-33B2-8C4B-4CF7-C1D850A41CA8}.Debug|Any CPU.Build.0 = Debug|Any CPU
		{1FA8DA56-33B2-8C4B-4CF7-C1D850A41CA8}.Release|Any CPU.ActiveCfg = Release|Any CPU
		{1FA8DA56-33B2-8C4B-4CF7-C1D850A41CA8}.Release|Any CPU.Build.0 = Release|Any CPU
	EndGlobalSection
	GlobalSection(SolutionProperties) = preSolution
		HideSolutionNode = FALSE
	EndGlobalSection
	GlobalSection(ExtensibilityGlobals) = postSolution
		SolutionGuid = {EF8FC8BB-A737-42E6-BE6E-9A24831EA4FA}
	EndGlobalSection
EndGlobal
